# This file is autogenerated, do not edit; changes may be undone by the next 'dep ensure'.


[[projects]]
  name = "github.com/fsnotify/fsnotify"
  packages = ["."]
  revision = "629574ca2a5df945712d3079857300b5e4da0236"
  version = "v1.4.2"

[[projects]]
  name = "github.com/pkg/errors"
  packages = ["."]
  revision = "645ef00459ed84a119197bfb8d8205042c6df63d"
  version = "v0.8.0"

[[projects]]
  branch = "master"
  name = "golang.org/x/sys"
  packages = ["unix"]
  revision = "82aafbf43bf885069dc71b7e7c2f9d7a614d47da"

[solve-meta]
  analyzer-name = "dep"
  analyzer-version = 1
  inputs-digest = "a59eb3f6311d5ac4479a86a790d90ba2f36ee42f29d5fa6432d07df17ec185eb"
  solver-name = "gps-cdcl"
  solver-version = 1
